
Microsoft Visual Studio Solution File, Format Version 12.00
# Visual Studio Express 15 for Windows Desktop
VisualStudioVersion = 15.0.28307.645
MinimumVisualStudioVersion = 10.0.40219.1
Project("{FAE04EC0-301F-11D3-BF4B-00C04F79EFBC}") = "AdvanceCSharp", "ClassLibrary2\AdvanceCSharp.csproj", "{7240FA18-7A65-44E2-8942-451113D7B214}"
EndProject
Project("{FAE04EC0-301F-11D3-BF4B-00C04F79EFBC}") = "BasicCSahrp", "ConsoleApp1\BasicCSahrp.csproj", "{EA2C9C82-FBF5-408E-AF55-F7DEA978E76F}"
EndProject
Project("{FAE04EC0-301F-11D3-BF4B-00C04F79EFBC}") = "UnitTestingDemo", "UnitTestProject1\UnitTestingDemo.csproj", "{00734EDF-3328-4E89-9394-C07F1EF96868}"
EndProject
Project("{FAE04EC0-301F-11D3-BF4B-00C04F79EFBC}") = "PageObjects", "PageObjects\PageObjects.csproj", "{7C6C41C3-8E2D-4F1C-B073-632E9B3C47E9}"
EndProject
Project("{FAE04EC0-301F-11D3-BF4B-00C04F79EFBC}") = "TestFramework", "TestFramework\TestFramework.csproj", "{5B770696-F50B-4758-9854-2D8D776C66CB}"
EndProject
Global
	GlobalSection(SolutionConfigurationPlatforms) = preSolution
		Debug|Any CPU = Debug|Any CPU
		Release|Any CPU = Release|Any CPU
	EndGlobalSection
	GlobalSection(ProjectConfigurationPlatforms) = postSolution
		{7240FA18-7A65-44E2-8942-451113D7B214}.Debug|Any CPU.ActiveCfg = Debug|Any CPU
		{7240FA18-7A65-44E2-8942-451113D7B214}.Debug|Any CPU.Build.0 = Debug|Any CPU
		{7240FA18-7A65-44E2-8942-451113D7B214}.Release|Any CPU.ActiveCfg = Release|Any CPU
		{7240FA18-7A65-44E2-8942-451113D7B214}.Release|Any CPU.Build.0 = Release|Any CPU
		{EA2C9C82-FBF5-408E-AF55-F7DEA978E76F}.Debug|Any CPU.ActiveCfg = Debug|Any CPU
		{EA2C9C82-FBF5-408E-AF55-F7DEA978E76F}.Debug|Any CPU.Build.0 = Debug|Any CPU
		{EA2C9C82-FBF5-408E-AF55-F7DEA978E76F}.Release|Any CPU.ActiveCfg = Release|Any CPU
		{EA2C9C82-FBF5-408E-AF55-F7DEA978E76F}.Release|Any CPU.Build.0 = Release|Any CPU
		{00734EDF-3328-4E89-9394-C07F1EF96868}.Debug|Any CPU.ActiveCfg = Debug|Any CPU
		{00734EDF-3328-4E89-9394-C07F1EF96868}.Debug|Any CPU.Build.0 = Debug|Any CPU
		{00734EDF-3328-4E89-9394-C07F1EF96868}.Release|Any CPU.ActiveCfg = Release|Any CPU
		{00734EDF-3328-4E89-9394-C07F1EF96868}.Release|Any CPU.Build.0 = Release|Any CPU
		{7C6C41C3-8E2D-4F1C-B073-632E9B3C47E9}.Debug|Any CPU.ActiveCfg = Debug|Any CPU
		{7C6C41C3-8E2D-4F1C-B073-632E9B3C47E9}.Debug|Any CPU.Build.0 = Debug|Any CPU
		{7C6C41C3-8E2D-4F1C-B073-632E9B3C47E9}.Release|Any CPU.ActiveCfg = Release|Any CPU
		{7C6C41C3-8E2D-4F1C-B073-632E9B3C47E9}.Release|Any CPU.Build.0 = Release|Any CPU
		{5B770696-F50B-4758-9854-2D8D776C66CB}.Debug|Any CPU.ActiveCfg = Debug|Any CPU
		{5B770696-F50B-4758-9854-2D8D776C66CB}.Debug|Any CPU.Build.0 = Debug|Any CPU
		{5B770696-F50B-4758-9854-2D8D776C66CB}.Release|Any CPU.ActiveCfg = Release|Any CPU
		{5B770696-F50B-4758-9854-2D8D776C66CB}.Release|Any CPU.Build.0 = Release|Any CPU
	EndGlobalSection
	GlobalSection(SolutionProperties) = preSolution
		HideSolutionNode = FALSE
	EndGlobalSection
	GlobalSection(ExtensibilityGlobals) = postSolution
		SolutionGuid = {00E759FE-6A02-4B49-A459-F6A89AFB1DA7}
	EndGlobalSection
EndGlobal
